
Microsoft Visual Studio Solution File, Format Version 12.00
# Visual Studio Version 16
VisualStudioVersion = 16.0.31613.86
MinimumVisualStudioVersion = 10.0.40219.1
Project("{FAE04EC0-301F-11D3-BF4B-00C04F79EFBC}") = "PR9", "PR9.csproj", "{C230AF0D-EE18-4EBE-8F55-96B836E6E131}"
EndProject
Global
	GlobalSection(SolutionConfigurationPlatforms) = preSolution
		Debug|Any CPU = Debug|Any CPU
		Release|Any CPU = Release|Any CPU
	EndGlobalSection
	GlobalSection(ProjectConfigurationPlatforms) = postSolution
		{C230AF0D-EE18-4EBE-8F55-96B836E6E131}.Debug|Any CPU.ActiveCfg = Debug|Any CPU
		{C230AF0D-EE18-4EBE-8F55-96B836E6E131}.Debug|Any CPU.Build.0 = Debug|Any CPU
		{C230AF0D-EE18-4EBE-8F55-96B836E6E131}.Release|Any CPU.ActiveCfg = Release|Any CPU
		{C230AF0D-EE18-4EBE-8F55-96B836E6E131}.Release|Any CPU.Build.0 = Release|Any CPU
	EndGlobalSection
	GlobalSection(SolutionProperties) = preSolution
		HideSolutionNode = FALSE
	EndGlobalSection
	GlobalSection(ExtensibilityGlobals) = postSolution
		SolutionGuid = {8F3F61F2-757C-46F7-8985-A338A984FC4A}
	EndGlobalSection
EndGlobal
